
Microsoft Visual Studio Solution File, Format Version 12.00
# Visual Studio Version 16
VisualStudioVersion = 16.0.29215.179
MinimumVisualStudioVersion = 10.0.40219.1
Project("{9A19103F-16F7-4668-BE54-9A1E7A4F7556}") = "CatchTheRun", "src\CatchTheRun.csproj", "{6648F36E-EE30-4F0F-AFA2-FF5C6FF244E7}"
EndProject
Global
	GlobalSection(SolutionConfigurationPlatforms) = preSolution
		Debug|Any CPU = Debug|Any CPU
		Release|Any CPU = Release|Any CPU
	EndGlobalSection
	GlobalSection(ProjectConfigurationPlatforms) = postSolution
		{6648F36E-EE30-4F0F-AFA2-FF5C6FF244E7}.Debug|Any CPU.ActiveCfg = Debug|Any CPU
		{6648F36E-EE30-4F0F-AFA2-FF5C6FF244E7}.Debug|Any CPU.Build.0 = Debug|Any CPU
		{6648F36E-EE30-4F0F-AFA2-FF5C6FF244E7}.Release|Any CPU.ActiveCfg = Release|Any CPU
		{6648F36E-EE30-4F0F-AFA2-FF5C6FF244E7}.Release|Any CPU.Build.0 = Release|Any CPU
	EndGlobalSection
	GlobalSection(SolutionProperties) = preSolution
		HideSolutionNode = FALSE
	EndGlobalSection
	GlobalSection(ExtensibilityGlobals) = postSolution
		SolutionGuid = {3537B7D5-1EAC-4C53-89F8-C0CE10AB868D}
	EndGlobalSection
EndGlobal
